// !$*UTF8*$!
{
	archiveVersion = 1;
	classes = {
	};
	objectVersion = 56;
	objects = {

/* Begin PBXBuildFile section */
		03BF8C3E2B15D6410006CBC1 /* AppDelegate.swift in Sources */ = {isa = PBXBuildFile; fileRef = 03BF8C3D2B15D6410006CBC1 /* AppDelegate.swift */; };
		03BF8C402B15D6410006CBC1 /* SceneDelegate.swift in Sources */ = {isa = PBXBuildFile; fileRef = 03BF8C3F2B15D6410006CBC1 /* SceneDelegate.swift */; };
		03BF8C422B15D6410006CBC1 /* ViewController.swift in Sources */ = {isa = PBXBuildFile; fileRef = 03BF8C412B15D6410006CBC1 /* ViewController.swift */; };
		03BF8C452B15D6410006CBC1 /* Main.storyboard in Resources */ = {isa = PBXBuildFile; fileRef = 03BF8C432B15D6410006CBC1 /* Main.storyboard */; };
		03BF8C472B15D6450006CBC1 /* Assets.xcassets in Resources */ = {isa = PBXBuildFile; fileRef = 03BF8C462B15D6450006CBC1 /* Assets.xcassets */; };
		03BF8C4A2B15D6450006CBC1 /* LaunchScreen.storyboard in Resources */ = {isa = PBXBuildFile; fileRef = 03BF8C482B15D6450006CBC1 /* LaunchScreen.storyboard */; };
		47F78BBFD8E2BCBCF567CFB6 /* Pods_StreamSDK_Cocoapods_Sample.framework in Frameworks */ = {isa = PBXBuildFile; fileRef = 7FF8F44A39C367FFE1E7F522 /* Pods_StreamSDK_Cocoapods_Sample.framework */; };
/* End PBXBuildFile section */

/* Begin PBXFileReference section */
		03BF8C3A2B15D6410006CBC1 /* StreamSDK-Cocoapods-Sample.app */ = {isa = PBXFileReference; explicitFileType = wrapper.application; includeInIndex = 0; path = "StreamSDK-Cocoapods-Sample.app"; sourceTree = BUILT_PRODUCTS_DIR; };
		03BF8C3D2B15D6410006CBC1 /* AppDelegate.swift */ = {isa = PBXFileReference; lastKnownFileType = sourcecode.swift; path = AppDelegate.swift; sourceTree = "<group>"; };
		03BF8C3F2B15D6410006CBC1 /* SceneDelegate.swift */ = {isa = PBXFileReference; lastKnownFileType = sourcecode.swift; path = SceneDelegate.swift; sourceTree = "<group>"; };
		03BF8C412B15D6410006CBC1 /* ViewController.swift */ = {isa = PBXFileReference; lastKnownFileType = sourcecode.swift; path = ViewController.swift; sourceTree = "<group>"; };
		03BF8C442B15D6410006CBC1 /* Base */ = {isa = PBXFileReference; lastKnownFileType = file.storyboard; name = Base; path = Base.lproj/Main.storyboard; sourceTree = "<group>"; };
		03BF8C462B15D6450006CBC1 /* Assets.xcassets */ = {isa = PBXFileReference; lastKnownFileType = folder.assetcatalog; path = Assets.xcassets; sourceTree = "<group>"; };
		03BF8C492B15D6450006CBC1 /* Base */ = {isa = PBXFileReference; lastKnownFileType = file.storyboard; name = Base; path = Base.lproj/LaunchScreen.storyboard; sourceTree = "<group>"; };
		03BF8C4B2B15D6450006CBC1 /* Info.plist */ = {isa = PBXFileReference; lastKnownFileType = text.plist.xml; path = Info.plist; sourceTree = "<group>"; };
		36FE36523050872EAFD13E90 /* Pods-StreamSDK-Cocoapods-Sample.debug.xcconfig */ = {isa = PBXFileReference; includeInIndex = 1; lastKnownFileType = text.xcconfig; name = "Pods-StreamSDK-Cocoapods-Sample.debug.xcconfig"; path = "Target Support Files/Pods-StreamSDK-Cocoapods-Sample/Pods-StreamSDK-Cocoapods-Sample.debug.xcconfig"; sourceTree = "<group>"; };
		645F32B38C753BEDFE15B039 /* Pods-StreamSDK-Cocoapods-Sample.release.xcconfig */ = {isa = PBXFileReference; includeInIndex = 1; lastKnownFileType = text.xcconfig; name = "Pods-StreamSDK-Cocoapods-Sample.release.xcconfig"; path = "Target Support Files/Pods-StreamSDK-Cocoapods-Sample/Pods-StreamSDK-Cocoapods-Sample.release.xcconfig"; sourceTree = "<group>"; };
		7FF8F44A39C367FFE1E7F522 /* Pods_StreamSDK_Cocoapods_Sample.framework */ = {isa = PBXFileReference; explicitFileType = wrapper.framework; includeInIndex = 0; path = Pods_StreamSDK_Cocoapods_Sample.framework; sourceTree = BUILT_PRODUCTS_DIR; };
/* End PBXFileReference section */

/* Begin PBXFrameworksBuildPhase section */
		03BF8C372B15D6410006CBC1 /* Frameworks */ = {
			isa = PBXFrameworksBuildPhase;
			buildActionMask = 2147483647;
			files = (
				47F78BBFD8E2BCBCF567CFB6 /* Pods_StreamSDK_Cocoapods_Sample.framework in Frameworks */,
			);
			runOnlyForDeploymentPostprocessing = 0;
		};
/* End PBXFrameworksBuildPhase section */

/* Begin PBXGroup section */
		03BF8C312B15D6410006CBC1 = {
			isa = PBXGroup;
			children = (
				03BF8C3C2B15D6410006CBC1 /* StreamSDK-Cocoapods-Sample */,
				03BF8C3B2B15D6410006CBC1 /* Products */,
				C73F226157FF826C53794048 /* Pods */,
				8EBEE41A243770826BA9F3CE /* Frameworks */,
			);
			sourceTree = "<group>";
		};
		03BF8C3B2B15D6410006CBC1 /* Products */ = {
			isa = PBXGroup;
			children = (
				03BF8C3A2B15D6410006CBC1 /* StreamSDK-Cocoapods-Sample.app */,
			);
			name = Products;
			sourceTree = "<group>";
		};
		03BF8C3C2B15D6410006CBC1 /* StreamSDK-Cocoapods-Sample */ = {
			isa = PBXGroup;
			children = (
				03BF8C3D2B15D6410006CBC1 /* AppDelegate.swift */,
				03BF8C3F2B15D6410006CBC1 /* SceneDelegate.swift */,
				03BF8C412B15D6410006CBC1 /* ViewController.swift */,
				03BF8C432B15D6410006CBC1 /* Main.storyboard */,
				03BF8C462B15D6450006CBC1 /* Assets.xcassets */,
				03BF8C482B15D6450006CBC1 /* LaunchScreen.storyboard */,
				03BF8C4B2B15D6450006CBC1 /* Info.plist */,
			);
			path = "StreamSDK-Cocoapods-Sample";
			sourceTree = "<group>";
		};
		8EBEE41A243770826BA9F3CE /* Frameworks */ = {
			isa = PBXGroup;
			children = (
				7FF8F44A39C367FFE1E7F522 /* Pods_StreamSDK_Cocoapods_Sample.framework */,
			);
			name = Frameworks;
			sourceTree = "<group>";
		};
		C73F226157FF826C53794048 /* Pods */ = {
			isa = PBXGroup;
			children = (
				36FE36523050872EAFD13E90 /* Pods-StreamSDK-Cocoapods-Sample.debug.xcconfig */,
				645F32B38C753BEDFE15B039 /* Pods-StreamSDK-Cocoapods-Sample.release.xcconfig */,
			);
			path = Pods;
			sourceTree = "<group>";
		};
/* End PBXGroup section */

/* Begin PBXNativeTarget section */
		03BF8C392B15D6410006CBC1 /* StreamSDK-Cocoapods-Sample */ = {
			isa = PBXNativeTarget;
			buildConfigurationList = 03BF8C4E2B15D6450006CBC1 /* Build configuration list for PBXNativeTarget "StreamSDK-Cocoapods-Sample" */;
			buildPhases = (
				9D849C61F1950827682490BA /* [CP] Check Pods Manifest.lock */,
				03BF8C362B15D6410006CBC1 /* Sources */,
				03BF8C372B15D6410006CBC1 /* Frameworks */,
				03BF8C382B15D6410006CBC1 /* Resources */,
				6D6B64BAA1A8FC8C6AC1E3BF /* [CP] Embed Pods Frameworks */,
			);
			buildRules = (
			);
			dependencies = (
			);
			name = "StreamSDK-Cocoapods-Sample";
			productName = "StreamSDK-Cocoapods-Sample";
			productReference = 03BF8C3A2B15D6410006CBC1 /* StreamSDK-Cocoapods-Sample.app */;
			productType = "com.apple.product-type.application";
		};
/* End PBXNativeTarget section */

/* Begin PBXProject section */
		03BF8C322B15D6410006CBC1 /* Project object */ = {
			isa = PBXProject;
			attributes = {
				BuildIndependentTargetsInParallel = 1;
				LastSwiftUpdateCheck = 1500;
				LastUpgradeCheck = 1500;
				TargetAttributes = {
					03BF8C392B15D6410006CBC1 = {
						CreatedOnToolsVersion = 15.0.1;
					};
				};
			};
			buildConfigurationList = 03BF8C352B15D6410006CBC1 /* Build configuration list for PBXProject "StreamSDK-Cocoapods-Sample" */;
			compatibilityVersion = "Xcode 14.0";
			developmentRegion = en;
			hasScannedForEncodings = 0;
			knownRegions = (
				en,
				Base,
			);
			mainGroup = 03BF8C312B15D6410006CBC1;
			productRefGroup = 03BF8C3B2B15D6410006CBC1 /* Products */;
			projectDirPath = "";
			projectRoot = "";
			targets = (
				03BF8C392B15D6410006CBC1 /* StreamSDK-Cocoapods-Sample */,
			);
		};
/* End PBXProject section */

/* Begin PBXResourcesBuildPhase section */
		03BF8C382B15D6410006CBC1 /* Resources */ = {
			isa = PBXResourcesBuildPhase;
			buildActionMask = 2147483647;
			files = (
				03BF8C4A2B15D6450006CBC1 /* LaunchScreen.storyboard in Resources */,
				03BF8C472B15D6450006CBC1 /* Assets.xcassets in Resources */,
				03BF8C452B15D6410006CBC1 /* Main.storyboard in Resources */,
			);
			runOnlyForDeploymentPostprocessing = 0;
		};
/* End PBXResourcesBuildPhase section */

/* Begin PBXShellScriptBuildPhase section */
		6D6B64BAA1A8FC8C6AC1E3BF /* [CP] Embed Pods Frameworks */ = {
			isa = PBXShellScriptBuildPhase;
			buildActionMask = 2147483647;
			files = (
			);
			inputFileListPaths = (
				"${PODS_ROOT}/Target Support Files/Pods-StreamSDK-Cocoapods-Sample/Pods-StreamSDK-Cocoapods-Sample-frameworks-${CONFIGURATION}-input-files.xcfilelist",
			);
			name = "[CP] Embed Pods Frameworks";
			outputFileListPaths = (
				"${PODS_ROOT}/Target Support Files/Pods-StreamSDK-Cocoapods-Sample/Pods-StreamSDK-Cocoapods-Sample-frameworks-${CONFIGURATION}-output-files.xcfilelist",
			);
			runOnlyForDeploymentPostprocessing = 0;
			shellPath = /bin/sh;
			shellScript = "\"${PODS_ROOT}/Target Support Files/Pods-StreamSDK-Cocoapods-Sample/Pods-StreamSDK-Cocoapods-Sample-frameworks.sh\"\n";
			showEnvVarsInLog = 0;
		};
		9D849C61F1950827682490BA /* [CP] Check Pods Manifest.lock */ = {
			isa = PBXShellScriptBuildPhase;
			buildActionMask = 2147483647;
			files = (
			);
			inputFileListPaths = (
			);
			inputPaths = (
				"${PODS_PODFILE_DIR_PATH}/Podfile.lock",
				"${PODS_ROOT}/Manifest.lock",
			);
			name = "[CP] Check Pods Manifest.lock";
			outputFileListPaths = (
			);
			outputPaths = (
				"$(DERIVED_FILE_DIR)/Pods-StreamSDK-Cocoapods-Sample-checkManifestLockResult.txt",
			);
			runOnlyForDeploymentPostprocessing = 0;
			shellPath = /bin/sh;
			shellScript = "diff \"${PODS_PODFILE_DIR_PATH}/Podfile.lock\" \"${PODS_ROOT}/Manifest.lock\" > /dev/null\nif [ $? != 0 ] ; then\n    # print error to STDERR\n    echo \"error: The sandbox is not in sync with the Podfile.lock. Run 'pod install' or update your CocoaPods installation.\" >&2\n    exit 1\nfi\n# This output is used by Xcode 'outputs' to avoid re-running this script phase.\necho \"SUCCESS\" > \"${SCRIPT_OUTPUT_FILE_0}\"\n";
			showEnvVarsInLog = 0;
		};
/* End PBXShellScriptBuildPhase section */

/* Begin PBXSourcesBuildPhase section */
		03BF8C362B15D6410006CBC1 /* Sources */ = {
			isa = PBXSourcesBuildPhase;
			buildActionMask = 2147483647;
			files = (
				03BF8C422B15D6410006CBC1 /* ViewController.swift in Sources */,
				03BF8C3E2B15D6410006CBC1 /* AppDelegate.swift in Sources */,
				03BF8C402B15D6410006CBC1 /* SceneDelegate.swift in Sources */,
			);
			runOnlyForDeploymentPostprocessing = 0;
		};
/* End PBXSourcesBuildPhase section */

/* Begin PBXVariantGroup section */
		03BF8C432B15D6410006CBC1 /* Main.storyboard */ = {
			isa = PBXVariantGroup;
			children = (
				03BF8C442B15D6410006CBC1 /* Base */,
			);
			name = Main.storyboard;
			sourceTree = "<group>";
		};
		03BF8C482B15D6450006CBC1 /* LaunchScreen.storyboard */ = {
			isa = PBXVariantGroup;
			children = (
				03BF8C492B15D6450006CBC1 /* Base */,
			);
			name = LaunchScreen.storyboard;
			sourceTree = "<group>";
		};
/* End PBXVariantGroup section */

/* Begin XCBuildConfiguration section */
		03BF8C4C2B15D6450006CBC1 /* Debug */ = {
			isa = XCBuildConfiguration;
			buildSettings = {
				ALWAYS_SEARCH_USER_PATHS = NO;
				ASSETCATALOG_COMPILER_GENERATE_SWIFT_ASSET_SYMBOL_EXTENSIONS = YES;
				CLANG_ANALYZER_NONNULL = YES;
				CLANG_ANALYZER_NUMBER_OBJECT_CONVERSION = YES_AGGRESSIVE;
				CLANG_CXX_LANGUAGE_STANDARD = "gnu++20";
				CLANG_ENABLE_MODULES = YES;
				CLANG_ENABLE_OBJC_ARC = YES;
				CLANG_ENABLE_OBJC_WEAK = YES;
				CLANG_WARN_BLOCK_CAPTURE_AUTORELEASING = YES;
				CLANG_WARN_BOOL_CONVERSION = YES;
				CLANG_WARN_COMMA = YES;
				CLANG_WARN_CONSTANT_CONVERSION = YES;
				CLANG_WARN_DEPRECATED_OBJC_IMPLEMENTATIONS = YES;
				CLANG_WARN_DIRECT_OBJC_ISA_USAGE = YES_ERROR;
				CLANG_WARN_DOCUMENTATION_COMMENTS = YES;
				CLANG_WARN_EMPTY_BODY = YES;
				CLANG_WARN_ENUM_CONVERSION = YES;
				CLANG_WARN_INFINITE_RECURSION = YES;
				CLANG_WARN_INT_CONVERSION = YES;
				CLANG_WARN_NON_LITERAL_NULL_CONVERSION = YES;
				CLANG_WARN_OBJC_IMPLICIT_RETAIN_SELF = YES;
				CLANG_WARN_OBJC_LITERAL_CONVERSION = YES;
				CLANG_WARN_OBJC_ROOT_CLASS = YES_ERROR;
				CLANG_WARN_QUOTED_INCLUDE_IN_FRAMEWORK_HEADER = YES;
				CLANG_WARN_RANGE_LOOP_ANALYSIS = YES;
				CLANG_WARN_STRICT_PROTOTYPES = YES;
				CLANG_WARN_SUSPICIOUS_MOVE = YES;
				CLANG_WARN_UNGUARDED_AVAILABILITY = YES_AGGRESSIVE;
				CLANG_WARN_UNREACHABLE_CODE = YES;
				CLANG_WARN__DUPLICATE_METHOD_MATCH = YES;
				COPY_PHASE_STRIP = NO;
				DEBUG_INFORMATION_FORMAT = dwarf;
				ENABLE_STRICT_OBJC_MSGSEND = YES;
				ENABLE_TESTABILITY = YES;
				ENABLE_USER_SCRIPT_SANDBOXING = YES;
				GCC_C_LANGUAGE_STANDARD = gnu17;
				GCC_DYNAMIC_NO_PIC = NO;
				GCC_NO_COMMON_BLOCKS = YES;
				GCC_OPTIMIZATION_LEVEL = 0;
				GCC_PREPROCESSOR_DEFINITIONS = (
					"DEBUG=1",
					"$(inherited)",
				);
				GCC_WARN_64_TO_32_BIT_CONVERSION = YES;
				GCC_WARN_ABOUT_RETURN_TYPE = YES_ERROR;
				GCC_WARN_UNDECLARED_SELECTOR = YES;
				GCC_WARN_UNINITIALIZED_AUTOS = YES_AGGRESSIVE;
				GCC_WARN_UNUSED_FUNCTION = YES;
				GCC_WARN_UNUSED_VARIABLE = YES;
				IPHONEOS_DEPLOYMENT_TARGET = 17.0;
				LOCALIZATION_PREFERS_STRING_CATALOGS = YES;
				MTL_ENABLE_DEBUG_INFO = INCLUDE_SOURCE;
				MTL_FAST_MATH = YES;
				ONLY_ACTIVE_ARCH = YES;
				SDKROOT = iphoneos;
				SWIFT_ACTIVE_COMPILATION_CONDITIONS = "DEBUG $(inherited)";
				SWIFT_OPTIMIZATION_LEVEL = "-Onone";
			};
			name = Debug;
		};
		03BF8C4D2B15D6450006CBC1 /* Release */ = {
			isa = XCBuildConfiguration;
			buildSettings = {
				ALWAYS_SEARCH_USER_PATHS = NO;
				ASSETCATALOG_COMPILER_GENERATE_SWIFT_ASSET_SYMBOL_EXTENSIONS = YES;
				CLANG_ANALYZER_NONNULL = YES;
				CLANG_ANALYZER_NUMBER_OBJECT_CONVERSION = YES_AGGRESSIVE;
				CLANG_CXX_LANGUAGE_STANDARD = "gnu++20";
				CLANG_ENABLE_MODULES = YES;
				CLANG_ENABLE_OBJC_ARC = YES;
				CLANG_ENABLE_OBJC_WEAK = YES;
				CLANG_WARN_BLOCK_CAPTURE_AUTORELEASING = YES;
				CLANG_WARN_BOOL_CONVERSION = YES;
				CLANG_WARN_COMMA = YES;
				CLANG_WARN_CONSTANT_CONVERSION = YES;
				CLANG_WARN_DEPRECATED_OBJC_IMPLEMENTATIONS = YES;
				CLANG_WARN_DIRECT_OBJC_ISA_USAGE = YES_ERROR;
				CLANG_WARN_DOCUMENTATION_COMMENTS = YES;
				CLANG_WARN_EMPTY_BODY = YES;
				CLANG_WARN_ENUM_CONVERSION = YES;
				CLANG_WARN_INFINITE_RECURSION = YES;
				CLANG_WARN_INT_CONVERSION = YES;
				CLANG_WARN_NON_LITERAL_NULL_CONVERSION = YES;
				CLANG_WARN_OBJC_IMPLICIT_RETAIN_SELF = YES;
				CLANG_WARN_OBJC_LITERAL_CONVERSION = YES;
				CLANG_WARN_OBJC_ROOT_CLASS = YES_ERROR;
				CLANG_WARN_QUOTED_INCLUDE_IN_FRAMEWORK_HEADER = YES;
				CLANG_WARN_RANGE_LOOP_ANALYSIS = YES;
				CLANG_WARN_STRICT_PROTOTYPES = YES;
				CLANG_WARN_SUSPICIOUS_MOVE = YES;
				CLANG_WARN_UNGUARDED_AVAILABILITY = YES_AGGRESSIVE;
				CLANG_WARN_UNREACHABLE_CODE = YES;
				CLANG_WARN__DUPLICATE_METHOD_MATCH = YES;
				COPY_PHASE_STRIP = NO;
				DEBUG_INFORMATION_FORMAT = "dwarf-with-dsym";
				ENABLE_NS_ASSERTIONS = NO;
				ENABLE_STRICT_OBJC_MSGSEND = YES;
				ENABLE_USER_SCRIPT_SANDBOXING = YES;
				GCC_C_LANGUAGE_STANDARD = gnu17;
				GCC_NO_COMMON_BLOCKS = YES;
				GCC_WARN_64_TO_32_BIT_CONVERSION = YES;
				GCC_WARN_ABOUT_RETURN_TYPE = YES_ERROR;
				GCC_WARN_UNDECLARED_SELECTOR = YES;
				GCC_WARN_UNINITIALIZED_AUTOS = YES_AGGRESSIVE;
				GCC_WARN_UNUSED_FUNCTION = YES;
				GCC_WARN_UNUSED_VARIABLE = YES;
				IPHONEOS_DEPLOYMENT_TARGET = 17.0;
				LOCALIZATION_PREFERS_STRING_CATALOGS = YES;
				MTL_ENABLE_DEBUG_INFO = NO;
				MTL_FAST_MATH = YES;
				SDKROOT = iphoneos;
				SWIFT_COMPILATION_MODE = wholemodule;
				VALIDATE_PRODUCT = YES;
			};
			name = Release;
		};
		03BF8C4F2B15D6450006CBC1 /* Debug */ = {
			isa = XCBuildConfiguration;
			baseConfigurationReference = 36FE36523050872EAFD13E90 /* Pods-StreamSDK-Cocoapods-Sample.debug.xcconfig */;
			buildSettings = {
				ASSETCATALOG_COMPILER_APPICON_NAME = AppIcon;
				ASSETCATALOG_COMPILER_GLOBAL_ACCENT_COLOR_NAME = AccentColor;
				CODE_SIGN_STYLE = Automatic;
				CURRENT_PROJECT_VERSION = 1;
				DEVELOPMENT_TEAM = BHAB7LC35Y;
				ENABLE_USER_SCRIPT_SANDBOXING = NO;
				GENERATE_INFOPLIST_FILE = YES;
				INFOPLIST_FILE = "StreamSDK-Cocoapods-Sample/Info.plist";
				INFOPLIST_KEY_UIApplicationSupportsIndirectInputEvents = YES;
				INFOPLIST_KEY_UILaunchStoryboardName = LaunchScreen;
				INFOPLIST_KEY_UIMainStoryboardFile = Main;
				INFOPLIST_KEY_UISupportedInterfaceOrientations_iPad = "UIInterfaceOrientationPortrait UIInterfaceOrientationPortraitUpsideDown UIInterfaceOrientationLandscapeLeft UIInterfaceOrientationLandscapeRight";
				INFOPLIST_KEY_UISupportedInterfaceOrientations_iPhone = "UIInterfaceOrientationPortrait UIInterfaceOrientationLandscapeLeft UIInterfaceOrientationLandscapeRight";
				LD_RUNPATH_SEARCH_PATHS = (
					"$(inherited)",
					"@executable_path/Frameworks",
				);
				MARKETING_VERSION = 1.0;
				PRODUCT_BUNDLE_IDENTIFIER = "com.testpress.StreamSDK-Cocoapods-Sample";
				PRODUCT_NAME = "$(TARGET_NAME)";
				SWIFT_EMIT_LOC_STRINGS = YES;
				SWIFT_VERSION = 5.0;
				TARGETED_DEVICE_FAMILY = "1,2";
			};
			name = Debug;
		};
		03BF8C502B15D6450006CBC1 /* Release */ = {
			isa = XCBuildConfiguration;
			baseConfigurationReference = 645F32B38C753BEDFE15B039 /* Pods-StreamSDK-Cocoapods-Sample.release.xcconfig */;
			buildSettings = {
				ASSETCATALOG_COMPILER_APPICON_NAME = AppIcon;
				ASSETCATALOG_COMPILER_GLOBAL_ACCENT_COLOR_NAME = AccentColor;
				CODE_SIGN_STYLE = Automatic;
				CURRENT_PROJECT_VERSION = 1;
				DEVELOPMENT_TEAM = BHAB7LC35Y;
				ENABLE_USER_SCRIPT_SANDBOXING = NO;
				GENERATE_INFOPLIST_FILE = YES;
				INFOPLIST_FILE = "StreamSDK-Cocoapods-Sample/Info.plist";
				INFOPLIST_KEY_UIApplicationSupportsIndirectInputEvents = YES;
				INFOPLIST_KEY_UILaunchStoryboardName = LaunchScreen;
				INFOPLIST_KEY_UIMainStoryboardFile = Main;
				INFOPLIST_KEY_UISupportedInterfaceOrientations_iPad = "UIInterfaceOrientationPortrait UIInterfaceOrientationPortraitUpsideDown UIInterfaceOrientationLandscapeLeft UIInterfaceOrientationLandscapeRight";
				INFOPLIST_KEY_UISupportedInterfaceOrientations_iPhone = "UIInterfaceOrientationPortrait UIInterfaceOrientationLandscapeLeft UIInterfaceOrientationLandscapeRight";
				LD_RUNPATH_SEARCH_PATHS = (
					"$(inherited)",
					"@executable_path/Frameworks",
				);
				MARKETING_VERSION = 1.0;
				PRODUCT_BUNDLE_IDENTIFIER = "com.testpress.StreamSDK-Cocoapods-Sample";
				PRODUCT_NAME = "$(TARGET_NAME)";
				SWIFT_EMIT_LOC_STRINGS = YES;
				SWIFT_VERSION = 5.0;
				TARGETED_DEVICE_FAMILY = "1,2";
			};
			name = Release;
		};
/* End XCBuildConfiguration section */

/* Begin XCConfigurationList section */
		03BF8C352B15D6410006CBC1 /* Build configuration list for PBXProject "StreamSDK-Cocoapods-Sample" */ = {
			isa = XCConfigurationList;
			buildConfigurations = (
				03BF8C4C2B15D6450006CBC1 /* Debug */,
				03BF8C4D2B15D6450006CBC1 /* Release */,
			);
			defaultConfigurationIsVisible = 0;
			defaultConfigurationName = Release;
		};
		03BF8C4E2B15D6450006CBC1 /* Build configuration list for PBXNativeTarget "StreamSDK-Cocoapods-Sample" */ = {
			isa = XCConfigurationList;
			buildConfigurations = (
				03BF8C4F2B15D6450006CBC1 /* Debug */,
				03BF8C502B15D6450006CBC1 /* Release */,
			);
			defaultConfigurationIsVisible = 0;
			defaultConfigurationName = Release;
		};
/* End XCConfigurationList section */
	};
	rootObject = 03BF8C322B15D6410006CBC1 /* Project object */;
}
